// !$*UTF8*$!
{
	archiveVersion = 1;
	classes = {
	};
	objectVersion = 46;
	objects = {

/* Begin PBXBuildFile section */
		EA04C3FA1CED9EF900839C8C /* AppDelegate.swift in Sources */ = {isa = PBXBuildFile; fileRef = EA04C3F91CED9EF900839C8C /* AppDelegate.swift */; };
		EA04C3FC1CED9EF900839C8C /* ViewController.swift in Sources */ = {isa = PBXBuildFile; fileRef = EA04C3FB1CED9EF900839C8C /* ViewController.swift */; };
		EA04C3FF1CED9EF900839C8C /* Main.storyboard in Resources */ = {isa = PBXBuildFile; fileRef = EA04C3FD1CED9EF900839C8C /* Main.storyboard */; };
		EA04C4011CED9EF900839C8C /* Assets.xcassets in Resources */ = {isa = PBXBuildFile; fileRef = EA04C4001CED9EF900839C8C /* Assets.xcassets */; };
		EA04C4041CED9EF900839C8C /* LaunchScreen.storyboard in Resources */ = {isa = PBXBuildFile; fileRef = EA04C4021CED9EF900839C8C /* LaunchScreen.storyboard */; };
/* End PBXBuildFile section */

/* Begin PBXFileReference section */
		EA04C3F61CED9EF900839C8C /* Floatinc.app */ = {isa = PBXFileReference; explicitFileType = wrapper.application; includeInIndex = 0; path = Floatinc.app; sourceTree = BUILT_PRODUCTS_DIR; };
		EA04C3F91CED9EF900839C8C /* AppDelegate.swift */ = {isa = PBXFileReference; lastKnownFileType = sourcecode.swift; path = AppDelegate.swift; sourceTree = "<group>"; };
		EA04C3FB1CED9EF900839C8C /* ViewController.swift */ = {isa = PBXFileReference; lastKnownFileType = sourcecode.swift; path = ViewController.swift; sourceTree = "<group>"; };
		EA04C3FE1CED9EF900839C8C /* Base */ = {isa = PBXFileReference; lastKnownFileType = file.storyboard; name = Base; path = Base.lproj/Main.storyboard; sourceTree = "<group>"; };
		EA04C4001CED9EF900839C8C /* Assets.xcassets */ = {isa = PBXFileReference; lastKnownFileType = folder.assetcatalog; path = Assets.xcassets; sourceTree = "<group>"; };
		EA04C4031CED9EF900839C8C /* Base */ = {isa = PBXFileReference; lastKnownFileType = file.storyboard; name = Base; path = Base.lproj/LaunchScreen.storyboard; sourceTree = "<group>"; };
		EA04C4051CED9EF900839C8C /* Info.plist */ = {isa = PBXFileReference; lastKnownFileType = text.plist.xml; path = Info.plist; sourceTree = "<group>"; };
/* End PBXFileReference section */

/* Begin PBXFrameworksBuildPhase section */
		EA04C3F31CED9EF900839C8C /* Frameworks */ = {
			isa = PBXFrameworksBuildPhase;
			buildActionMask = 2147483647;
			files = (
			);
			runOnlyForDeploymentPostprocessing = 0;
		};
/* End PBXFrameworksBuildPhase section */

/* Begin PBXGroup section */
		EA04C3ED1CED9EF900839C8C = {
			isa = PBXGroup;
			children = (
				EA04C3F81CED9EF900839C8C /* Floatinc */,
				EA04C3F71CED9EF900839C8C /* Products */,
			);
			sourceTree = "<group>";
		};
		EA04C3F71CED9EF900839C8C /* Products */ = {
			isa = PBXGroup;
			children = (
				EA04C3F61CED9EF900839C8C /* Floatinc.app */,
			);
			name = Products;
			sourceTree = "<group>";
		};
		EA04C3F81CED9EF900839C8C /* Floatinc */ = {
			isa = PBXGroup;
			children = (
				EA04C3F91CED9EF900839C8C /* AppDelegate.swift */,
				EA04C3FB1CED9EF900839C8C /* ViewController.swift */,
				EA04C3FD1CED9EF900839C8C /* Main.storyboard */,
				EA04C4001CED9EF900839C8C /* Assets.xcassets */,
				EA04C4021CED9EF900839C8C /* LaunchScreen.storyboard */,
				EA04C4051CED9EF900839C8C /* Info.plist */,
			);
			path = Floatinc;
			sourceTree = "<group>";
		};
/* End PBXGroup section */

/* Begin PBXNativeTarget section */
		EA04C3F51CED9EF900839C8C /* Floatinc */ = {
			isa = PBXNativeTarget;
			buildConfigurationList = EA04C4081CED9EF900839C8C /* Build configuration list for PBXNativeTarget "Floatinc" */;
			buildPhases = (
				EA04C3F21CED9EF900839C8C /* Sources */,
				EA04C3F31CED9EF900839C8C /* Frameworks */,
				EA04C3F41CED9EF900839C8C /* Resources */,
			);
			buildRules = (
			);
			dependencies = (
			);
			name = Floatinc;
			productName = Floatinc;
			productReference = EA04C3F61CED9EF900839C8C /* Floatinc.app */;
			productType = "com.apple.product-type.application";
		};
/* End PBXNativeTarget section */

/* Begin PBXProject section */
		EA04C3EE1CED9EF900839C8C /* Project object */ = {
			isa = PBXProject;
			attributes = {
				LastSwiftUpdateCheck = 0730;
				LastUpgradeCheck = 0730;
				ORGANIZATIONNAME = "Vedant Khattar";
				TargetAttributes = {
					EA04C3F51CED9EF900839C8C = {
						CreatedOnToolsVersion = 7.3;
					};
				};
			};
			buildConfigurationList = EA04C3F11CED9EF900839C8C /* Build configuration list for PBXProject "Floatinc" */;
			compatibilityVersion = "Xcode 3.2";
			developmentRegion = English;
			hasScannedForEncodings = 0;
			knownRegions = (
				en,
				Base,
			);
			mainGroup = EA04C3ED1CED9EF900839C8C;
			productRefGroup = EA04C3F71CED9EF900839C8C /* Products */;
			projectDirPath = "";
			projectRoot = "";
			targets = (
				EA04C3F51CED9EF900839C8C /* Floatinc */,
			);
		};
/* End PBXProject section */

/* Begin PBXResourcesBuildPhase section */
		EA04C3F41CED9EF900839C8C /* Resources */ = {
			isa = PBXResourcesBuildPhase;
			buildActionMask = 2147483647;
			files = (
				EA04C4041CED9EF900839C8C /* LaunchScreen.storyboard in Resources */,
				EA04C4011CED9EF900839C8C /* Assets.xcassets in Resources */,
				EA04C3FF1CED9EF900839C8C /* Main.storyboard in Resources */,
			);
			runOnlyForDeploymentPostprocessing = 0;
		};
/* End PBXResourcesBuildPhase section */

/* Begin PBXSourcesBuildPhase section */
		EA04C3F21CED9EF900839C8C /* Sources */ = {
			isa = PBXSourcesBuildPhase;
			buildActionMask = 2147483647;
			files = (
				EA04C3FC1CED9EF900839C8C /* ViewController.swift in Sources */,
				EA04C3FA1CED9EF900839C8C /* AppDelegate.swift in Sources */,
			);
			runOnlyForDeploymentPostprocessing = 0;
		};
/* End PBXSourcesBuildPhase section */

/* Begin PBXVariantGroup section */
		EA04C3FD1CED9EF900839C8C /* Main.storyboard */ = {
			isa = PBXVariantGroup;
			children = (
				EA04C3FE1CED9EF900839C8C /* Base */,
			);
			name = Main.storyboard;
			sourceTree = "<group>";
		};
		EA04C4021CED9EF900839C8C /* LaunchScreen.storyboard */ = {
			isa = PBXVariantGroup;
			children = (
				EA04C4031CED9EF900839C8C /* Base */,
			);
			name = LaunchScreen.storyboard;
			sourceTree = "<group>";
		};
/* End PBXVariantGroup section */

/* Begin XCBuildConfiguration section */
		EA04C4061CED9EF900839C8C /* Debug */ = {
			isa = XCBuildConfiguration;
			buildSettings = {
				ALWAYS_SEARCH_USER_PATHS = NO;
				CLANG_ANALYZER_NONNULL = YES;
				CLANG_CXX_LANGUAGE_STANDARD = "gnu++0x";
				CLANG_CXX_LIBRARY = "libc++";
				CLANG_ENABLE_MODULES = YES;
				CLANG_ENABLE_OBJC_ARC = YES;
				CLANG_WARN_BOOL_CONVERSION = YES;
				CLANG_WARN_CONSTANT_CONVERSION = YES;
				CLANG_WARN_DIRECT_OBJC_ISA_USAGE = YES_ERROR;
				CLANG_WARN_EMPTY_BODY = YES;
				CLANG_WARN_ENUM_CONVERSION = YES;
				CLANG_WARN_INT_CONVERSION = YES;
				CLANG_WARN_OBJC_ROOT_CLASS = YES_ERROR;
				CLANG_WARN_UNREACHABLE_CODE = YES;
				CLANG_WARN__DUPLICATE_METHOD_MATCH = YES;
				"CODE_SIGN_IDENTITY[sdk=iphoneos*]" = "iPhone Developer";
				COPY_PHASE_STRIP = NO;
				DEBUG_INFORMATION_FORMAT = dwarf;
				ENABLE_STRICT_OBJC_MSGSEND = YES;
				ENABLE_TESTABILITY = YES;
				GCC_C_LANGUAGE_STANDARD = gnu99;
				GCC_DYNAMIC_NO_PIC = NO;
				GCC_NO_COMMON_BLOCKS = YES;
				GCC_OPTIMIZATION_LEVEL = 0;
				GCC_PREPROCESSOR_DEFINITIONS = (
					"DEBUG=1",
					"$(inherited)",
				);
				GCC_WARN_64_TO_32_BIT_CONVERSION = YES;
				GCC_WARN_ABOUT_RETURN_TYPE = YES_ERROR;
				GCC_WARN_UNDECLARED_SELECTOR = YES;
				GCC_WARN_UNINITIALIZED_AUTOS = YES_AGGRESSIVE;
				GCC_WARN_UNUSED_FUNCTION = YES;
				GCC_WARN_UNUSED_VARIABLE = YES;
				IPHONEOS_DEPLOYMENT_TARGET = 9.3;
				MTL_ENABLE_DEBUG_INFO = YES;
				ONLY_ACTIVE_ARCH = YES;
				SDKROOT = iphoneos;
				SWIFT_OPTIMIZATION_LEVEL = "-Onone";
			};
			name = Debug;
		};
		EA04C4071CED9EF900839C8C /* Release */ = {
			isa = XCBuildConfiguration;
			buildSettings = {
				ALWAYS_SEARCH_USER_PATHS = NO;
				CLANG_ANALYZER_NONNULL = YES;
				CLANG_CXX_LANGUAGE_STANDARD = "gnu++0x";
				CLANG_CXX_LIBRARY = "libc++";
				CLANG_ENABLE_MODULES = YES;
				CLANG_ENABLE_OBJC_ARC = YES;
				CLANG_WARN_BOOL_CONVERSION = YES;
				CLANG_WARN_CONSTANT_CONVERSION = YES;
				CLANG_WARN_DIRECT_OBJC_ISA_USAGE = YES_ERROR;
				CLANG_WARN_EMPTY_BODY = YES;
				CLANG_WARN_ENUM_CONVERSION = YES;
				CLANG_WARN_INT_CONVERSION = YES;
				CLANG_WARN_OBJC_ROOT_CLASS = YES_ERROR;
				CLANG_WARN_UNREACHABLE_CODE = YES;
				CLANG_WARN__DUPLICATE_METHOD_MATCH = YES;
				"CODE_SIGN_IDENTITY[sdk=iphoneos*]" = "iPhone Developer";
				COPY_PHASE_STRIP = NO;
				DEBUG_INFORMATION_FORMAT = "dwarf-with-dsym";
				ENABLE_NS_ASSERTIONS = NO;
				ENABLE_STRICT_OBJC_MSGSEND = YES;
				GCC_C_LANGUAGE_STANDARD = gnu99;
				GCC_NO_COMMON_BLOCKS = YES;
				GCC_WARN_64_TO_32_BIT_CONVERSION = YES;
				GCC_WARN_ABOUT_RETURN_TYPE = YES_ERROR;
				GCC_WARN_UNDECLARED_SELECTOR = YES;
				GCC_WARN_UNINITIALIZED_AUTOS = YES_AGGRESSIVE;
				GCC_WARN_UNUSED_FUNCTION = YES;
				GCC_WARN_UNUSED_VARIABLE = YES;
				IPHONEOS_DEPLOYMENT_TARGET = 9.3;
				MTL_ENABLE_DEBUG_INFO = NO;
				SDKROOT = iphoneos;
				VALIDATE_PRODUCT = YES;
			};
			name = Release;
		};
		EA04C4091CED9EF900839C8C /* Debug */ = {
			isa = XCBuildConfiguration;
			buildSettings = {
				ASSETCATALOG_COMPILER_APPICON_NAME = AppIcon;
				INFOPLIST_FILE = Floatinc/Info.plist;
				LD_RUNPATH_SEARCH_PATHS = "$(inherited) @executable_path/Frameworks";
				PRODUCT_BUNDLE_IDENTIFIER = com.FloatOut.Floatinc;
				PRODUCT_NAME = "$(TARGET_NAME)";
			};
			name = Debug;
		};
		EA04C40A1CED9EF900839C8C /* Release */ = {
			isa = XCBuildConfiguration;
			buildSettings = {
				ASSETCATALOG_COMPILER_APPICON_NAME = AppIcon;
				INFOPLIST_FILE = Floatinc/Info.plist;
				LD_RUNPATH_SEARCH_PATHS = "$(inherited) @executable_path/Frameworks";
				PRODUCT_BUNDLE_IDENTIFIER = com.FloatOut.Floatinc;
				PRODUCT_NAME = "$(TARGET_NAME)";
			};
			name = Release;
		};
/* End XCBuildConfiguration section */

/* Begin XCConfigurationList section */
		EA04C3F11CED9EF900839C8C /* Build configuration list for PBXProject "Floatinc" */ = {
			isa = XCConfigurationList;
			buildConfigurations = (
				EA04C4061CED9EF900839C8C /* Debug */,
				EA04C4071CED9EF900839C8C /* Release */,
			);
			defaultConfigurationIsVisible = 0;
			defaultConfigurationName = Release;
		};
		EA04C4081CED9EF900839C8C /* Build configuration list for PBXNativeTarget "Floatinc" */ = {
			isa = XCConfigurationList;
			buildConfigurations = (
				EA04C4091CED9EF900839C8C /* Debug */,
				EA04C40A1CED9EF900839C8C /* Release */,
			);
			defaultConfigurationIsVisible = 0;
		};
/* End XCConfigurationList section */
	};
	rootObject = EA04C3EE1CED9EF900839C8C /* Project object */;
}
